
Microsoft Visual Studio Solution File, Format Version 12.00
# Visual Studio Version 17
VisualStudioVersion = 17.7.34031.279
MinimumVisualStudioVersion = 10.0.40219.1
Project("{FAE04EC0-301F-11D3-BF4B-00C04F79EFBC}") = "Mankala", "Mankala\Mankala.csproj", "{50877293-CBC9-49DE-9387-1746D57F6F00}"
EndProject
Project("{FAE04EC0-301F-11D3-BF4B-00C04F79EFBC}") = "TestProject1", "TestProject1\TestProject1.csproj", "{3B9056DD-AAB9-4D0B-8A38-74DAFD4A0FB1}"
EndProject
Global
	GlobalSection(SolutionConfigurationPlatforms) = preSolution
		Debug|Any CPU = Debug|Any CPU
		Release|Any CPU = Release|Any CPU
	EndGlobalSection
	GlobalSection(ProjectConfigurationPlatforms) = postSolution
		{50877293-CBC9-49DE-9387-1746D57F6F00}.Debug|Any CPU.ActiveCfg = Debug|Any CPU
		{50877293-CBC9-49DE-9387-1746D57F6F00}.Debug|Any CPU.Build.0 = Debug|Any CPU
		{50877293-CBC9-49DE-9387-1746D57F6F00}.Release|Any CPU.ActiveCfg = Release|Any CPU
		{50877293-CBC9-49DE-9387-1746D57F6F00}.Release|Any CPU.Build.0 = Release|Any CPU
		{3B9056DD-AAB9-4D0B-8A38-74DAFD4A0FB1}.Debug|Any CPU.ActiveCfg = Debug|Any CPU
		{3B9056DD-AAB9-4D0B-8A38-74DAFD4A0FB1}.Debug|Any CPU.Build.0 = Debug|Any CPU
		{3B9056DD-AAB9-4D0B-8A38-74DAFD4A0FB1}.Release|Any CPU.ActiveCfg = Release|Any CPU
		{3B9056DD-AAB9-4D0B-8A38-74DAFD4A0FB1}.Release|Any CPU.Build.0 = Release|Any CPU
	EndGlobalSection
	GlobalSection(SolutionProperties) = preSolution
		HideSolutionNode = FALSE
	EndGlobalSection
	GlobalSection(ExtensibilityGlobals) = postSolution
		SolutionGuid = {BADA021F-105D-4C50-A938-C947600039ED}
	EndGlobalSection
EndGlobal
